
Microsoft Visual Studio Solution File, Format Version 12.00
# Visual Studio Version 17
VisualStudioVersion = 17.3.32922.545
MinimumVisualStudioVersion = 10.0.40219.1
Project("{FAE04EC0-301F-11D3-BF4B-00C04F79EFBC}") = "AlinSpace.UnitTesting", "AlinSpace.UnitTesting\AlinSpace.UnitTesting.csproj", "{9C30A299-4226-4DC3-8FBC-7F9B3F4D4D2F}"
EndProject
Global
	GlobalSection(SolutionConfigurationPlatforms) = preSolution
		Debug|Any CPU = Debug|Any CPU
		Release|Any CPU = Release|Any CPU
	EndGlobalSection
	GlobalSection(ProjectConfigurationPlatforms) = postSolution
		{9C30A299-4226-4DC3-8FBC-7F9B3F4D4D2F}.Debug|Any CPU.ActiveCfg = Debug|Any CPU
		{9C30A299-4226-4DC3-8FBC-7F9B3F4D4D2F}.Debug|Any CPU.Build.0 = Debug|Any CPU
		{9C30A299-4226-4DC3-8FBC-7F9B3F4D4D2F}.Release|Any CPU.ActiveCfg = Release|Any CPU
		{9C30A299-4226-4DC3-8FBC-7F9B3F4D4D2F}.Release|Any CPU.Build.0 = Release|Any CPU
	EndGlobalSection
	GlobalSection(SolutionProperties) = preSolution
		HideSolutionNode = FALSE
	EndGlobalSection
	GlobalSection(ExtensibilityGlobals) = postSolution
		SolutionGuid = {B64E8278-8F4D-4250-B1CA-BC0123D752C4}
	EndGlobalSection
EndGlobal
